
Microsoft Visual Studio Solution File, Format Version 12.00
# Visual Studio 15
VisualStudioVersion = 15.0.26730.15
MinimumVisualStudioVersion = 10.0.40219.1
Project("{FAE04EC0-301F-11D3-BF4B-00C04F79EFBC}") = "NBautoFramework", "NBautoFramework\NBautoFramework.csproj", "{5A3E2945-ED24-4640-9970-89DE895795D4}"
EndProject
Project("{FAE04EC0-301F-11D3-BF4B-00C04F79EFBC}") = "NBtest", "NBtest\NBtest.csproj", "{EDCAFD82-E4FD-42BB-8E45-80E43B1A206A}"
EndProject
Global
	GlobalSection(SolutionConfigurationPlatforms) = preSolution
		Debug|Any CPU = Debug|Any CPU
		Release|Any CPU = Release|Any CPU
	EndGlobalSection
	GlobalSection(ProjectConfigurationPlatforms) = postSolution
		{5A3E2945-ED24-4640-9970-89DE895795D4}.Debug|Any CPU.ActiveCfg = Debug|Any CPU
		{5A3E2945-ED24-4640-9970-89DE895795D4}.Debug|Any CPU.Build.0 = Debug|Any CPU
		{5A3E2945-ED24-4640-9970-89DE895795D4}.Release|Any CPU.ActiveCfg = Release|Any CPU
		{5A3E2945-ED24-4640-9970-89DE895795D4}.Release|Any CPU.Build.0 = Release|Any CPU
		{EDCAFD82-E4FD-42BB-8E45-80E43B1A206A}.Debug|Any CPU.ActiveCfg = Debug|Any CPU
		{EDCAFD82-E4FD-42BB-8E45-80E43B1A206A}.Debug|Any CPU.Build.0 = Debug|Any CPU
		{EDCAFD82-E4FD-42BB-8E45-80E43B1A206A}.Release|Any CPU.ActiveCfg = Release|Any CPU
		{EDCAFD82-E4FD-42BB-8E45-80E43B1A206A}.Release|Any CPU.Build.0 = Release|Any CPU
	EndGlobalSection
	GlobalSection(SolutionProperties) = preSolution
		HideSolutionNode = FALSE
	EndGlobalSection
	GlobalSection(ExtensibilityGlobals) = postSolution
		SolutionGuid = {C3C2CBF7-9ED3-4105-BC87-A7ABB6A130B0}
	EndGlobalSection
EndGlobal
